{
  "name": "homepage",
  "lockfileVersion": 3,
  "requires": true,
  "packages": {
    "": {
      "dependencies": {
        "hono": "^4.1.5"
      }
    },
    "node_modules/hono": {
      "version": "4.1.5",
      "resolved": "https://registry.npmjs.org/hono/-/hono-4.1.5.tgz",
      "integrity": "sha512-3ChJiIoeCxvkt6vnkxJagplrt1YZg3NyNob7ssVeK2PUqEINp4q1F94HzFnvY9QE8asVmbW5kkTDlyWylfg2vg==",
      "engines": {
        "node": ">=16.0.0"
      }
    }
  }
}
